PODS:
  - AppsOnAirIOSCore (0.1.0):
    - ReachabilitySwift
  - ReachabilitySwift (5.2.3)

DEPENDENCIES:
  - AppsOnAirIOSCore (from `../`)

SPEC REPOS:
  trunk:
    - ReachabilitySwift

EXTERNAL SOURCES:
  AppsOnAirIOSCore:
    :path: "../"

SPEC CHECKSUMS:
  AppsOnAirIOSCore: 7e05a62e116b321aa11960bef1d000fa326c1882
  ReachabilitySwift: 7f151ff156cea1481a8411701195ac6a984f4979

PODFILE CHECKSUM: 01bc6136831bb8cf1b82c4af7f9bf80efd4d8d45

COCOAPODS: 1.15.2
