PODS:
  - AppsOnAirIOSCore (0.1.0):
    - ReachabilitySwift
  - ReachabilitySwift (3)

DEPENDENCIES:
  - AppsOnAirIOSCore (from `../`)
  - ReachabilitySwift (~> 3.0)

SPEC REPOS:
  trunk:
    - ReachabilitySwift

EXTERNAL SOURCES:
  AppsOnAirIOSCore:
    :path: "../"

SPEC CHECKSUMS:
  AppsOnAirIOSCore: 7bce78f8ea0dbdd1ac43d206d537314c67afe28c
  ReachabilitySwift: f5b9bb30a0777fac8f09ce8b067e32faeb29bb64

PODFILE CHECKSUM: b6af90c167fe35c7565bad1a3ce701686932fd84

COCOAPODS: 1.15.2
